
Microsoft Visual Studio Solution File, Format Version 12.00
# Visual Studio 15
VisualStudioVersion = 15.0.27703.2042
MinimumVisualStudioVersion = 10.0.40219.1
Project("{9A19103F-16F7-4668-BE54-9A1E7A4F7556}") = "BeThere.Api", "BeThere.Api\BeThere.Api.csproj", "{5A2F6CDC-EFBA-405C-B7BA-8744A960DAE4}"
EndProject
Project("{9A19103F-16F7-4668-BE54-9A1E7A4F7556}") = "BeThere.DAL", "BeThere.DAL\BeThere.DAL.csproj", "{F5895B15-75E1-471A-898F-7DEE416433F9}"
EndProject
Project("{9A19103F-16F7-4668-BE54-9A1E7A4F7556}") = "BeThere.Infrastructure", "BeThere.Infrastructure\BeThere.Infrastructure.csproj", "{76F45CE4-88EF-49EB-87D4-8F838035BD36}"
EndProject
Project("{9A19103F-16F7-4668-BE54-9A1E7A4F7556}") = "BeThere.Model", "BeThere.Model\BeThere.Model.csproj", "{A6323141-6C8D-411D-ABF6-4CCD8472EFB3}"
EndProject
Global
	GlobalSection(SolutionConfigurationPlatforms) = preSolution
		Debug|Any CPU = Debug|Any CPU
		Release|Any CPU = Release|Any CPU
	EndGlobalSection
	GlobalSection(ProjectConfigurationPlatforms) = postSolution
		{5A2F6CDC-EFBA-405C-B7BA-8744A960DAE4}.Debug|Any CPU.ActiveCfg = Debug|Any CPU
		{5A2F6CDC-EFBA-405C-B7BA-8744A960DAE4}.Debug|Any CPU.Build.0 = Debug|Any CPU
		{5A2F6CDC-EFBA-405C-B7BA-8744A960DAE4}.Release|Any CPU.ActiveCfg = Release|Any CPU
		{5A2F6CDC-EFBA-405C-B7BA-8744A960DAE4}.Release|Any CPU.Build.0 = Release|Any CPU
		{F5895B15-75E1-471A-898F-7DEE416433F9}.Debug|Any CPU.ActiveCfg = Debug|Any CPU
		{F5895B15-75E1-471A-898F-7DEE416433F9}.Debug|Any CPU.Build.0 = Debug|Any CPU
		{F5895B15-75E1-471A-898F-7DEE416433F9}.Release|Any CPU.ActiveCfg = Release|Any CPU
		{F5895B15-75E1-471A-898F-7DEE416433F9}.Release|Any CPU.Build.0 = Release|Any CPU
		{76F45CE4-88EF-49EB-87D4-8F838035BD36}.Debug|Any CPU.ActiveCfg = Debug|Any CPU
		{76F45CE4-88EF-49EB-87D4-8F838035BD36}.Debug|Any CPU.Build.0 = Debug|Any CPU
		{76F45CE4-88EF-49EB-87D4-8F838035BD36}.Release|Any CPU.ActiveCfg = Release|Any CPU
		{76F45CE4-88EF-49EB-87D4-8F838035BD36}.Release|Any CPU.Build.0 = Release|Any CPU
		{A6323141-6C8D-411D-ABF6-4CCD8472EFB3}.Debug|Any CPU.ActiveCfg = Debug|Any CPU
		{A6323141-6C8D-411D-ABF6-4CCD8472EFB3}.Debug|Any CPU.Build.0 = Debug|Any CPU
		{A6323141-6C8D-411D-ABF6-4CCD8472EFB3}.Release|Any CPU.ActiveCfg = Release|Any CPU
		{A6323141-6C8D-411D-ABF6-4CCD8472EFB3}.Release|Any CPU.Build.0 = Release|Any CPU
	EndGlobalSection
	GlobalSection(SolutionProperties) = preSolution
		HideSolutionNode = FALSE
	EndGlobalSection
	GlobalSection(ExtensibilityGlobals) = postSolution
		SolutionGuid = {19108F96-4D88-4932-AAFB-B7E2D8E1F924}
	EndGlobalSection
EndGlobal
